
Microsoft Visual Studio Solution File, Format Version 12.00
# Visual Studio 15
VisualStudioVersion = 15.0.28010.2003
MinimumVisualStudioVersion = 10.0.40219.1
Project("{FAE04EC0-301F-11D3-BF4B-00C04F79EFBC}") = "homework", "homework\homework.csproj", "{B1128341-AD86-44A9-87CB-D9CA7089AC70}"
EndProject
Project("{FAE04EC0-301F-11D3-BF4B-00C04F79EFBC}") = "classes", "classes\classes.csproj", "{D34C570D-971A-43A4-BAF2-20968D8FA57B}"
EndProject
Project("{FAE04EC0-301F-11D3-BF4B-00C04F79EFBC}") = "inheritance", "inheritance\inheritance.csproj", "{F39BD045-80BF-4F6B-B920-90F26A675B54}"
EndProject
Project("{FAE04EC0-301F-11D3-BF4B-00C04F79EFBC}") = "collections", "collections\collections.csproj", "{E8818B09-AE12-45FC-9F4D-3B9C02888564}"
EndProject
Global
	GlobalSection(SolutionConfigurationPlatforms) = preSolution
		Debug|Any CPU = Debug|Any CPU
		Release|Any CPU = Release|Any CPU
	EndGlobalSection
	GlobalSection(ProjectConfigurationPlatforms) = postSolution
		{B1128341-AD86-44A9-87CB-D9CA7089AC70}.Debug|Any CPU.ActiveCfg = Debug|Any CPU
		{B1128341-AD86-44A9-87CB-D9CA7089AC70}.Debug|Any CPU.Build.0 = Debug|Any CPU
		{B1128341-AD86-44A9-87CB-D9CA7089AC70}.Release|Any CPU.ActiveCfg = Release|Any CPU
		{B1128341-AD86-44A9-87CB-D9CA7089AC70}.Release|Any CPU.Build.0 = Release|Any CPU
		{D34C570D-971A-43A4-BAF2-20968D8FA57B}.Debug|Any CPU.ActiveCfg = Debug|Any CPU
		{D34C570D-971A-43A4-BAF2-20968D8FA57B}.Debug|Any CPU.Build.0 = Debug|Any CPU
		{D34C570D-971A-43A4-BAF2-20968D8FA57B}.Release|Any CPU.ActiveCfg = Release|Any CPU
		{D34C570D-971A-43A4-BAF2-20968D8FA57B}.Release|Any CPU.Build.0 = Release|Any CPU
		{F39BD045-80BF-4F6B-B920-90F26A675B54}.Debug|Any CPU.ActiveCfg = Debug|Any CPU
		{F39BD045-80BF-4F6B-B920-90F26A675B54}.Debug|Any CPU.Build.0 = Debug|Any CPU
		{F39BD045-80BF-4F6B-B920-90F26A675B54}.Release|Any CPU.ActiveCfg = Release|Any CPU
		{F39BD045-80BF-4F6B-B920-90F26A675B54}.Release|Any CPU.Build.0 = Release|Any CPU
		{E8818B09-AE12-45FC-9F4D-3B9C02888564}.Debug|Any CPU.ActiveCfg = Debug|Any CPU
		{E8818B09-AE12-45FC-9F4D-3B9C02888564}.Debug|Any CPU.Build.0 = Debug|Any CPU
		{E8818B09-AE12-45FC-9F4D-3B9C02888564}.Release|Any CPU.ActiveCfg = Release|Any CPU
		{E8818B09-AE12-45FC-9F4D-3B9C02888564}.Release|Any CPU.Build.0 = Release|Any CPU
	EndGlobalSection
	GlobalSection(SolutionProperties) = preSolution
		HideSolutionNode = FALSE
	EndGlobalSection
	GlobalSection(ExtensibilityGlobals) = postSolution
		SolutionGuid = {67189572-0A5F-482F-83F1-E441E56F37B7}
	EndGlobalSection
EndGlobal
